{
  "R": {
    "Version": "4.1.0",
    "Repositories": [
      {
        "Name": "CRAN",
        "URL": "https://cloud.r-project.org"
      }
    ]
  },
  "Bioconductor": {
    "Version": "3.14"
  },
  "Packages": {
    "BiocGenerics": {
      "Package": "BiocGenerics",
      "Version": "0.40.0",
      "Source": "Bioconductor",
      "Hash": "ddc1d29bbe66aaef34b0d17620b61a69"
    },
    "BiocManager": {
      "Package": "BiocManager",
      "Version": "1.30.16",
      "Source": "Repository",
      "Repository": "CRAN",
      "Hash": "2fdca0877debdd4668190832cdee4c31"
    },
    "BiocVersion": {
      "Package": "BiocVersion",
      "Version": "3.14.0",
      "Source": "Bioconductor",
      "Hash": "e57437f82a5c13263a9cf442b9796ba3"
    },
    "ComplexHeatmap": {
      "Package": "ComplexHeatmap",
      "Version": "2.10.0",
      "Source": "Bioconductor",
      "Hash": "964941c376127a2eccfb0d89d43442d2"
    },
    "GetoptLong": {
      "Package": "GetoptLong",
      "Version": "1.0.5",
      "Source": "Repository",
      "Repository": "CRAN",
      "Hash": "61fac01c73abf03ac72e88dc3952c1e3"
    },
    "GlobalOptions": {
      "Package": "GlobalOptions",
      "Version": "0.1.2",
      "Source": "Repository",
      "Repository": "CRAN",
      "Hash": "c3f7b221e60c28f5f3533d74c6fef024"
    },
    "ICIKendallTau": {
      "Package": "ICIKendallTau",
      "Version": "0.1.14",
      "Source": "GitHub",
      "RemoteType": "github",
      "RemoteHost": "api.github.com",
      "RemoteRepo": "ICIKendallTau",
      "RemoteUsername": "MoseleyBioinformaticsLab",
      "RemoteRef": "HEAD",
      "RemoteSha": "a1f71eaebf12a3e364b1f27099af1ccb6066c65f",
      "Hash": "5500d88720494e30ad18bbedcc003ede"
    },
    "IRanges": {
      "Package": "IRanges",
      "Version": "2.28.0",
      "Source": "Bioconductor",
      "Hash": "8299b0f981c924a2b824be548f836e9d"
    },
    "MASS": {
      "Package": "MASS",
      "Version": "7.3-54",
      "Source": "Repository",
      "Repository": "CRAN",
      "Hash": "0e59129db205112e3963904db67fd0dc"
    },
    "Matrix": {
      "Package": "Matrix",
      "Version": "1.3-4",
      "Source": "Repository",
      "Repository": "CRAN",
      "Hash": "4ed05e9c9726267e4a5872e09c04587c"
    },
    "R.methodsS3": {
      "Package": "R.methodsS3",
      "Version": "1.8.1",
      "Source": "Repository",
      "Repository": "CRAN",
      "Hash": "4bf6453323755202d5909697b6f7c109"
    },
    "R.oo": {
      "Package": "R.oo",
      "Version": "1.24.0",
      "Source": "Repository",
      "Repository": "CRAN",
      "Hash": "5709328352717e2f0a9c012be8a97554"
    },
    "R6": {
      "Package": "R6",
      "Version": "2.5.1",
      "Source": "Repository",
      "Repository": "CRAN",
      "Hash": "470851b6d5d0ac559e9d01bb352b4021"
    },
    "RColorBrewer": {
      "Package": "RColorBrewer",
      "Version": "1.1-2",
      "Source": "Repository",
      "Repository": "CRAN",
      "Hash": "e031418365a7f7a766181ab5a41a5716"
    },
    "Rcpp": {
      "Package": "Rcpp",
      "Version": "1.0.8",
      "Source": "Repository",
      "Repository": "CRAN",
      "Hash": "22b546dd7e337f6c0c58a39983a496bc"
    },
    "RcppEigen": {
      "Package": "RcppEigen",
      "Version": "0.3.3.9.1",
      "Source": "Repository",
      "Repository": "CRAN",
      "Hash": "ddfa72a87fdf4c80466a20818be91d00"
    },
    "S4Vectors": {
      "Package": "S4Vectors",
      "Version": "0.32.3",
      "Source": "Bioconductor",
      "Hash": "7c01112d4a7528159c335b486a046101"
    },
    "audio": {
      "Package": "audio",
      "Version": "0.1-10",
      "Source": "Repository",
      "Repository": "CRAN",
      "Hash": "d0c2f6b09c666cc84cd64813f43a54fc"
    },
    "backports": {
      "Package": "backports",
      "Version": "1.4.0",
      "Source": "Repository",
      "Repository": "CRAN",
      "Hash": "00c7752ce37466d4a74774bcca1a507c"
    },
    "base64enc": {
      "Package": "base64enc",
      "Version": "0.1-3",
      "Source": "Repository",
      "Repository": "CRAN",
      "Hash": "543776ae6848fde2f48ff3816d0628bc"
    },
    "base64url": {
      "Package": "base64url",
      "Version": "1.4",
      "Source": "Repository",
      "Repository": "CRAN",
      "Hash": "0c54cf3a08cc0e550fbd64ad33166143"
    },
    "beepr": {
      "Package": "beepr",
      "Version": "1.3",
      "Source": "Repository",
      "Repository": "CRAN",
      "Hash": "b3158a579ecef0e8f7626f4dadc369d0"
    },
    "broom": {
      "Package": "broom",
      "Version": "0.7.10",
      "Source": "Repository",
      "Repository": "CRAN",
      "Hash": "ddf8bc55ea050f984835dd2d23cd6828"
    },
    "cachem": {
      "Package": "cachem",
      "Version": "1.0.6",
      "Source": "Repository",
      "Repository": "CRAN",
      "Hash": "648c5b3d71e6a37e3043617489a0a0e9"
    },
    "circlize": {
      "Package": "circlize",
      "Version": "0.4.13",
      "Source": "Repository",
      "Repository": "CRAN",
      "Hash": "7fe204e42ae9addc35147f8a5a8739fb"
    },
    "cli": {
      "Package": "cli",
      "Version": "3.1.0",
      "Source": "Repository",
      "Repository": "CRAN",
      "Hash": "66a3834e54593c89d8beefb312347e58"
    },
    "clue": {
      "Package": "clue",
      "Version": "0.3-60",
      "Source": "Repository",
      "Repository": "CRAN",
      "Hash": "402594b0365210ad6df53e8fcda69d8a"
    },
    "cluster": {
      "Package": "cluster",
      "Version": "2.1.2",
      "Source": "Repository",
      "Repository": "CRAN",
      "Hash": "ce49bfe5bc0b3ecd43a01fe1b01c2243"
    },
    "codetools": {
      "Package": "codetools",
      "Version": "0.2-18",
      "Source": "Repository",
      "Repository": "CRAN",
      "Hash": "019388fc48e48b3da0d3a76ff94608a8"
    },
    "colorspace": {
      "Package": "colorspace",
      "Version": "2.0-2",
      "Source": "Repository",
      "Repository": "CRAN",
      "Hash": "6baccb763ee83c0bd313460fdb8b8a84"
    },
    "cowplot": {
      "Package": "cowplot",
      "Version": "1.1.1",
      "Source": "Repository",
      "Repository": "CRAN",
      "Hash": "b418e8423699d11c7f2087c2bfd07da2"
    },
    "cpp11": {
      "Package": "cpp11",
      "Version": "0.4.2",
      "Source": "Repository",
      "Repository": "CRAN",
      "Hash": "fa53ce256cd280f468c080a58ea5ba8c"
    },
    "crayon": {
      "Package": "crayon",
      "Version": "1.4.2",
      "Source": "Repository",
      "Repository": "CRAN",
      "Hash": "0a6a65d92bd45b47b94b84244b528d17"
    },
    "data.table": {
      "Package": "data.table",
      "Version": "1.14.2",
      "Source": "Repository",
      "Repository": "CRAN",
      "Hash": "36b67b5adf57b292923f5659f5f0c853"
    },
    "dendsort": {
      "Package": "dendsort",
      "Version": "0.3.4",
      "Source": "Repository",
      "Repository": "CRAN",
      "Hash": "348b0cb68eb90e8896fb78a506399c7f"
    },
    "digest": {
      "Package": "digest",
      "Version": "0.6.29",
      "Source": "Repository",
      "Repository": "CRAN",
      "Hash": "cf6b206a045a684728c3267ef7596190"
    },
    "doParallel": {
      "Package": "doParallel",
      "Version": "1.0.16",
      "Source": "Repository",
      "Repository": "CRAN",
      "Hash": "2dc413572eb42475179bfe0afabd2adf"
    },
    "documentNumbering": {
      "Package": "documentNumbering",
      "Version": "0.0.3",
      "Source": "GitHub",
      "RemoteType": "github",
      "RemoteHost": "api.github.com",
      "RemoteRepo": "documentNumbering",
      "RemoteUsername": "rmflight",
      "RemoteRef": "HEAD",
      "RemoteSha": "868d414f40cae8f65c31fc2d42c9a4a007832a13",
      "Hash": "8e601e6e14c55671edc199c4e29a6a95"
    },
    "dotenv": {
      "Package": "dotenv",
      "Version": "1.0.3",
      "Source": "Repository",
      "Repository": "CRAN",
      "Hash": "7e1213a65b6190437c644a14ec814ef3"
    },
    "dplyr": {
      "Package": "dplyr",
      "Version": "1.0.7",
      "Source": "Repository",
      "Repository": "CRAN",
      "Hash": "36f1ae62f026c8ba9f9b5c9a08c03297"
    },
    "drake": {
      "Package": "drake",
      "Version": "7.13.3",
      "Source": "Repository",
      "Repository": "CRAN",
      "Hash": "0c7f735ec457ec8d499be5c1ea5a647d"
    },
    "ellipsis": {
      "Package": "ellipsis",
      "Version": "0.3.2",
      "Source": "Repository",
      "Repository": "CRAN",
      "Hash": "bb0eec2fe32e88d9e2836c2f73ea2077"
    },
    "evaluate": {
      "Package": "evaluate",
      "Version": "0.14",
      "Source": "Repository",
      "Repository": "CRAN",
      "Hash": "ec8ca05cffcc70569eaaad8469d2a3a7"
    },
    "fansi": {
      "Package": "fansi",
      "Version": "0.5.0",
      "Source": "Repository",
      "Repository": "CRAN",
      "Hash": "d447b40982c576a72b779f0a3b3da227"
    },
    "farver": {
      "Package": "farver",
      "Version": "2.1.0",
      "Source": "Repository",
      "Repository": "CRAN",
      "Hash": "c98eb5133d9cb9e1622b8691487f11bb"
    },
    "fastmap": {
      "Package": "fastmap",
      "Version": "1.1.0",
      "Source": "Repository",
      "Repository": "CRAN",
      "Hash": "77bd60a6157420d4ffa93b27cf6a58b8"
    },
    "filelock": {
      "Package": "filelock",
      "Version": "1.0.2",
      "Source": "Repository",
      "Repository": "CRAN",
      "Hash": "38ec653c2613bed60052ba3787bd8a2c"
    },
    "flextable": {
      "Package": "flextable",
      "Version": "0.6.10",
      "Source": "Repository",
      "Repository": "CRAN",
      "Hash": "4d80053f3159dff0b2c741350d7c2c9c"
    },
    "foreach": {
      "Package": "foreach",
      "Version": "1.5.1",
      "Source": "Repository",
      "Repository": "CRAN",
      "Hash": "e32cfc0973caba11b65b1fa691b4d8c9"
    },
    "furrr": {
      "Package": "furrr",
      "Version": "0.2.3",
      "Source": "Repository",
      "Repository": "CRAN",
      "Hash": "2aba4ab06e8707ac054c6683cb6fed56"
    },
    "future": {
      "Package": "future",
      "Version": "1.23.0",
      "Source": "Repository",
      "Repository": "CRAN",
      "Hash": "7bf6fbed7f00cae876901fd70c04f3a4"
    },
    "gdtools": {
      "Package": "gdtools",
      "Version": "0.2.3",
      "Source": "Repository",
      "Repository": "CRAN",
      "Hash": "12a524de5a491ff39debb9311fc0763f"
    },
    "generics": {
      "Package": "generics",
      "Version": "0.1.1",
      "Source": "Repository",
      "Repository": "CRAN",
      "Hash": "3f6bcfb0ee5d671d9fd1893d2faa79cb"
    },
    "ggforce": {
      "Package": "ggforce",
      "Version": "0.3.3",
      "Source": "Repository",
      "Repository": "CRAN",
      "Hash": "4c64a588b497f8c088e1d308ddd40bc6"
    },
    "gghighlight": {
      "Package": "gghighlight",
      "Version": "0.3.2",
      "Source": "Repository",
      "Repository": "CRAN",
      "Hash": "61128bb6f044710e5e0b164833e46533"
    },
    "ggplot2": {
      "Package": "ggplot2",
      "Version": "3.3.5",
      "Source": "Repository",
      "Repository": "CRAN",
      "Hash": "d7566c471c7b17e095dd023b9ef155ad"
    },
    "ggrepel": {
      "Package": "ggrepel",
      "Version": "0.9.1",
      "Source": "Repository",
      "Repository": "CRAN",
      "Hash": "08ab869f37e6a7741a64ab9069bcb67d"
    },
    "globals": {
      "Package": "globals",
      "Version": "0.14.0",
      "Source": "Repository",
      "Repository": "CRAN",
      "Hash": "eca8023ed5ca6372479ebb9b3207f5ae"
    },
    "glue": {
      "Package": "glue",
      "Version": "1.6.0",
      "Source": "Repository",
      "Repository": "CRAN",
      "Hash": "b8bb7aaf248e45bac08ebed86f3a0aa4"
    },
    "gtable": {
      "Package": "gtable",
      "Version": "0.3.0",
      "Source": "Repository",
      "Repository": "CRAN",
      "Hash": "ac5c6baf7822ce8732b343f14c072c4d"
    },
    "here": {
      "Package": "here",
      "Version": "1.0.1",
      "Source": "Repository",
      "Repository": "CRAN",
      "Hash": "24b224366f9c2e7534d2344d10d59211"
    },
    "highr": {
      "Package": "highr",
      "Version": "0.9",
      "Source": "Repository",
      "Repository": "CRAN",
      "Hash": "8eb36c8125038e648e5d111c0d7b2ed4"
    },
    "htmltools": {
      "Package": "htmltools",
      "Version": "0.5.2",
      "Source": "Repository",
      "Repository": "CRAN",
      "Hash": "526c484233f42522278ab06fb185cb26"
    },
    "igraph": {
      "Package": "igraph",
      "Version": "1.2.9",
      "Source": "Repository",
      "Repository": "CRAN",
      "Hash": "66abc5ba63fe0543b3d7c5ec73b4230f"
    },
    "isoband": {
      "Package": "isoband",
      "Version": "0.2.5",
      "Source": "Repository",
      "Repository": "CRAN",
      "Hash": "7ab57a6de7f48a8dc84910d1eca42883"
    },
    "iterators": {
      "Package": "iterators",
      "Version": "1.0.13",
      "Source": "Repository",
      "Repository": "CRAN",
      "Hash": "64778782a89480e9a644f69aad9a2877"
    },
    "jquerylib": {
      "Package": "jquerylib",
      "Version": "0.1.4",
      "Source": "Repository",
      "Repository": "CRAN",
      "Hash": "5aab57a3bd297eee1c1d862735972182"
    },
    "jsonlite": {
      "Package": "jsonlite",
      "Version": "1.7.3",
      "Source": "Repository",
      "Repository": "CRAN",
      "Hash": "68c37fd8f863c6273dcd24928c17d6e1"
    },
    "knitr": {
      "Package": "knitr",
      "Version": "1.37",
      "Source": "Repository",
      "Repository": "CRAN",
      "Hash": "a4ec675eb332a33fe7b7fe26f70e1f98"
    },
    "knitrProgressBar": {
      "Package": "knitrProgressBar",
      "Version": "1.1.0",
      "Source": "Repository",
      "Repository": "CRAN",
      "Hash": "0eff7cdf2ade50ff15e43bfeb13b92ed"
    },
    "labeling": {
      "Package": "labeling",
      "Version": "0.4.2",
      "Source": "Repository",
      "Repository": "CRAN",
      "Hash": "3d5108641f47470611a32d0bdf357a72"
    },
    "lattice": {
      "Package": "lattice",
      "Version": "0.20-45",
      "Source": "Repository",
      "Repository": "CRAN",
      "Hash": "b64cdbb2b340437c4ee047a1f4c4377b"
    },
    "lifecycle": {
      "Package": "lifecycle",
      "Version": "1.0.1",
      "Source": "Repository",
      "Repository": "CRAN",
      "Hash": "a6b6d352e3ed897373ab19d8395c98d0"
    },
    "listenv": {
      "Package": "listenv",
      "Version": "0.8.0",
      "Source": "Repository",
      "Repository": "CRAN",
      "Hash": "0bde42ee282efb18c7c4e63822f5b4f7"
    },
    "magrittr": {
      "Package": "magrittr",
      "Version": "2.0.1",
      "Source": "Repository",
      "Repository": "CRAN",
      "Hash": "41287f1ac7d28a92f0a286ed507928d3"
    },
    "matrixStats": {
      "Package": "matrixStats",
      "Version": "0.61.0",
      "Source": "Repository",
      "Repository": "CRAN",
      "Hash": "b8e6221fc11247b12ab1b055a6f66c27"
    },
    "memoise": {
      "Package": "memoise",
      "Version": "2.0.1",
      "Source": "Repository",
      "Repository": "CRAN",
      "Hash": "e2817ccf4a065c5d9d7f2cfbe7c1d78c"
    },
    "mgcv": {
      "Package": "mgcv",
      "Version": "1.8-38",
      "Source": "Repository",
      "Repository": "CRAN",
      "Hash": "be3c61ffbb1e3d3b3df214d192ac5444"
    },
    "munsell": {
      "Package": "munsell",
      "Version": "0.5.0",
      "Source": "Repository",
      "Repository": "CRAN",
      "Hash": "6dfe8bf774944bd5595785e3229d8771"
    },
    "nlme": {
      "Package": "nlme",
      "Version": "3.1-153",
      "Source": "Repository",
      "Repository": "CRAN",
      "Hash": "2d632e0d963a653a0329756ce701ecdd"
    },
    "officedown": {
      "Package": "officedown",
      "Version": "0.2.3",
      "Source": "GitHub",
      "RemoteType": "github",
      "RemoteHost": "api.github.com",
      "RemoteRepo": "officedown",
      "RemoteUsername": "davidgohel",
      "RemoteRef": "HEAD",
      "RemoteSha": "b3733682169cd5cf009299d8f9663efabce13f49",
      "Hash": "9ae4ebc8e794c6933a6e0ac1c35da45f"
    },
    "officer": {
      "Package": "officer",
      "Version": "0.4.1",
      "Source": "Repository",
      "Repository": "CRAN",
      "Hash": "0a93ccc072f566f8a65fe75b5b6f81e7"
    },
    "parallelly": {
      "Package": "parallelly",
      "Version": "1.29.0",
      "Source": "Repository",
      "Repository": "CRAN",
      "Hash": "b5f399c9ce96977e22ef32c20b6cfe87"
    },
    "patchwork": {
      "Package": "patchwork",
      "Version": "1.1.1",
      "Source": "Repository",
      "Repository": "CRAN",
      "Hash": "c446b30cb33ec125ff02588b60660ccb"
    },
    "pillar": {
      "Package": "pillar",
      "Version": "1.6.4",
      "Source": "Repository",
      "Repository": "CRAN",
      "Hash": "60200b6aa32314ac457d3efbb5ccbd98"
    },
    "pkgconfig": {
      "Package": "pkgconfig",
      "Version": "2.0.3",
      "Source": "Repository",
      "Repository": "CRAN",
      "Hash": "01f28d4278f15c76cddbea05899c5d6f"
    },
    "png": {
      "Package": "png",
      "Version": "0.1-7",
      "Source": "Repository",
      "Repository": "CRAN",
      "Hash": "03b7076c234cb3331288919983326c55"
    },
    "polyclip": {
      "Package": "polyclip",
      "Version": "1.10-0",
      "Source": "Repository",
      "Repository": "CRAN",
      "Hash": "cb167f328b3ada4ec5cf67a7df4c900a"
    },
    "purrr": {
      "Package": "purrr",
      "Version": "0.3.4",
      "Source": "Repository",
      "Repository": "CRAN",
      "Hash": "97def703420c8ab10d8f0e6c72101e02"
    },
    "renv": {
      "Package": "renv",
      "Version": "0.14.0",
      "Source": "Repository",
      "Repository": "CRAN",
      "Hash": "30e5eba91b67f7f4d75d31de14bbfbdc"
    },
    "rjson": {
      "Package": "rjson",
      "Version": "0.2.20",
      "Source": "Repository",
      "Repository": "CRAN",
      "Hash": "7d597f982ee6263716b6a2f28efd29fa"
    },
    "rlang": {
      "Package": "rlang",
      "Version": "0.4.12",
      "Source": "Repository",
      "Repository": "CRAN",
      "Hash": "0879f5388fe6e4d56d7ef0b7ccb031e5"
    },
    "rmarkdown": {
      "Package": "rmarkdown",
      "Version": "2.11",
      "Source": "Repository",
      "Repository": "CRAN",
      "Hash": "320017b52d05a943981272b295750388"
    },
    "rprojroot": {
      "Package": "rprojroot",
      "Version": "2.0.2",
      "Source": "Repository",
      "Repository": "CRAN",
      "Hash": "249d8cd1e74a8f6a26194a91b47f21d1"
    },
    "rvg": {
      "Package": "rvg",
      "Version": "0.2.5",
      "Source": "Repository",
      "Repository": "CRAN",
      "Hash": "a823d1d2fd9dcb8eb648d85ad68be046"
    },
    "scales": {
      "Package": "scales",
      "Version": "1.1.1",
      "Source": "Repository",
      "Repository": "CRAN",
      "Hash": "6f76f71042411426ec8df6c54f34e6dd"
    },
    "shape": {
      "Package": "shape",
      "Version": "1.4.6",
      "Source": "Repository",
      "Repository": "CRAN",
      "Hash": "9067f962730f58b14d8ae54ca885509f"
    },
    "storr": {
      "Package": "storr",
      "Version": "1.2.5",
      "Source": "Repository",
      "Repository": "CRAN",
      "Hash": "96034207276a46a44dc81b8d43397602"
    },
    "stringi": {
      "Package": "stringi",
      "Version": "1.7.6",
      "Source": "Repository",
      "Repository": "CRAN",
      "Hash": "bba431031d30789535745a9627ac9271"
    },
    "stringr": {
      "Package": "stringr",
      "Version": "1.4.0",
      "Source": "Repository",
      "Repository": "CRAN",
      "Hash": "0759e6b6c0957edb1311028a49a35e76"
    },
    "systemfonts": {
      "Package": "systemfonts",
      "Version": "1.0.3",
      "Source": "Repository",
      "Repository": "CRAN",
      "Hash": "5be9fcf8ef6763e8cb13ab009e273a1d"
    },
    "tibble": {
      "Package": "tibble",
      "Version": "3.1.6",
      "Source": "Repository",
      "Repository": "CRAN",
      "Hash": "8a8f02d1934dfd6431c671361510dd0b"
    },
    "tidyr": {
      "Package": "tidyr",
      "Version": "1.1.4",
      "Source": "Repository",
      "Repository": "CRAN",
      "Hash": "c8fbdbd9fcac223d6c6fe8e406f368e1"
    },
    "tidyselect": {
      "Package": "tidyselect",
      "Version": "1.1.1",
      "Source": "Repository",
      "Repository": "CRAN",
      "Hash": "7243004a708d06d4716717fa1ff5b2fe"
    },
    "tinytex": {
      "Package": "tinytex",
      "Version": "0.36",
      "Source": "Repository",
      "Repository": "CRAN",
      "Hash": "130fe4c61e55b271a2655b3a284a205f"
    },
    "tweenr": {
      "Package": "tweenr",
      "Version": "1.0.2",
      "Source": "Repository",
      "Repository": "CRAN",
      "Hash": "6cc663f970a529dbf776f11d5bcd1a2e"
    },
    "txtq": {
      "Package": "txtq",
      "Version": "0.2.4",
      "Source": "Repository",
      "Repository": "CRAN",
      "Hash": "47bc241ac3efaa6b75109c00ad708448"
    },
    "utf8": {
      "Package": "utf8",
      "Version": "1.2.2",
      "Source": "Repository",
      "Repository": "CRAN",
      "Hash": "c9c462b759a5cc844ae25b5942654d13"
    },
    "uuid": {
      "Package": "uuid",
      "Version": "1.0-3",
      "Source": "Repository",
      "Repository": "CRAN",
      "Hash": "2097822ba5e4440b81a0c7525d0315ce"
    },
    "vctrs": {
      "Package": "vctrs",
      "Version": "0.3.8",
      "Source": "Repository",
      "Repository": "CRAN",
      "Hash": "ecf749a1b39ea72bd9b51b76292261f1"
    },
    "viridisLite": {
      "Package": "viridisLite",
      "Version": "0.4.0",
      "Source": "Repository",
      "Repository": "CRAN",
      "Hash": "55e157e2aa88161bdb0754218470d204"
    },
    "visualizationQualityControl": {
      "Package": "visualizationQualityControl",
      "Version": "0.4.7",
      "Source": "GitHub",
      "RemoteType": "github",
      "Remotes": "github::MoseleyBioinformaticsLab/ICIKendallTau",
      "RemoteHost": "api.github.com",
      "RemoteRepo": "visualizationqualitycontrol",
      "RemoteUsername": "moseleybioinformaticslab",
      "RemoteRef": "HEAD",
      "RemoteSha": "ec4d9d66146fb69103c5c1a7404be6ea21a5210e",
      "Hash": "4101d70a922871790fb84b097fe75cff"
    },
    "withr": {
      "Package": "withr",
      "Version": "2.4.3",
      "Source": "Repository",
      "Repository": "CRAN",
      "Hash": "a376b424c4817cda4920bbbeb3364e85"
    },
    "xfun": {
      "Package": "xfun",
      "Version": "0.29",
      "Source": "Repository",
      "Repository": "CRAN",
      "Hash": "e2e5fb1a74fbb68b27d6efc5372635dc"
    },
    "xml2": {
      "Package": "xml2",
      "Version": "1.3.3",
      "Source": "Repository",
      "Repository": "CRAN",
      "Hash": "40682ed6a969ea5abfd351eb67833adc"
    },
    "yaml": {
      "Package": "yaml",
      "Version": "2.2.1",
      "Source": "Repository",
      "Repository": "CRAN",
      "Hash": "2826c5d9efb0a88f657c7a679c7106db"
    },
    "zip": {
      "Package": "zip",
      "Version": "2.2.0",
      "Source": "Repository",
      "Repository": "CRAN",
      "Hash": "c7eef2996ac270a18c2715c997a727c5"
    }
  }
}
